
Microsoft Visual Studio Solution File, Format Version 12.00
# Visual Studio 15
VisualStudioVersion = 15.0.28307.168
MinimumVisualStudioVersion = 10.0.40219.1
Project("{9A19103F-16F7-4668-BE54-9A1E7A4F7556}") = "JoesUsedCars", "JoesUsedCars\JoesUsedCars.csproj", "{6771CB98-58BB-4BAC-A75A-F9B19CDBA75D}"
EndProject
Global
	GlobalSection(SolutionConfigurationPlatforms) = preSolution
		Debug|Any CPU = Debug|Any CPU
		Release|Any CPU = Release|Any CPU
	EndGlobalSection
	GlobalSection(ProjectConfigurationPlatforms) = postSolution
		{6771CB98-58BB-4BAC-A75A-F9B19CDBA75D}.Debug|Any CPU.ActiveCfg = Debug|Any CPU
		{6771CB98-58BB-4BAC-A75A-F9B19CDBA75D}.Debug|Any CPU.Build.0 = Debug|Any CPU
		{6771CB98-58BB-4BAC-A75A-F9B19CDBA75D}.Release|Any CPU.ActiveCfg = Release|Any CPU
		{6771CB98-58BB-4BAC-A75A-F9B19CDBA75D}.Release|Any CPU.Build.0 = Release|Any CPU
	EndGlobalSection
	GlobalSection(SolutionProperties) = preSolution
		HideSolutionNode = FALSE
	EndGlobalSection
	GlobalSection(ExtensibilityGlobals) = postSolution
		SolutionGuid = {4324C04E-5A7C-42AB-AA23-920F0D04BC3F}
	EndGlobalSection
EndGlobal
